
Microsoft Visual Studio Solution File, Format Version 12.00
# Visual Studio Version 16
VisualStudioVersion = 16.0.31129.286
MinimumVisualStudioVersion = 10.0.40219.1
Project("{FAE04EC0-301F-11D3-BF4B-00C04F79EFBC}") = "ImageFiltres", "ImageFiltres\ImageFiltres.csproj", "{AA4E0997-41E4-4F02-BBD2-F45A1038C2A8}"
EndProject
Global
	GlobalSection(SolutionConfigurationPlatforms) = preSolution
		Debug|Any CPU = Debug|Any CPU
		Release|Any CPU = Release|Any CPU
	EndGlobalSection
	GlobalSection(ProjectConfigurationPlatforms) = postSolution
		{AA4E0997-41E4-4F02-BBD2-F45A1038C2A8}.Debug|Any CPU.ActiveCfg = Debug|Any CPU
		{AA4E0997-41E4-4F02-BBD2-F45A1038C2A8}.Debug|Any CPU.Build.0 = Debug|Any CPU
		{AA4E0997-41E4-4F02-BBD2-F45A1038C2A8}.Release|Any CPU.ActiveCfg = Release|Any CPU
		{AA4E0997-41E4-4F02-BBD2-F45A1038C2A8}.Release|Any CPU.Build.0 = Release|Any CPU
	EndGlobalSection
	GlobalSection(SolutionProperties) = preSolution
		HideSolutionNode = FALSE
	EndGlobalSection
	GlobalSection(ExtensibilityGlobals) = postSolution
		SolutionGuid = {B8BE3A2A-03F1-4E95-99A6-29270FFE9251}
	EndGlobalSection
EndGlobal
